
Microsoft Visual Studio Solution File, Format Version 12.00
# Visual Studio Version 17
VisualStudioVersion = 17.2.32630.192
MinimumVisualStudioVersion = 10.0.40219.1
Project("{FAE04EC0-301F-11D3-BF4B-00C04F79EFBC}") = "TutorialsEU_ChecksumChecker", "TutorialsEU_ChecksumChecker.csproj", "{860D450C-C8E1-4D56-BB74-8A102BEBC2E5}"
EndProject
Global
	GlobalSection(SolutionConfigurationPlatforms) = preSolution
		Debug|Any CPU = Debug|Any CPU
		Release|Any CPU = Release|Any CPU
	EndGlobalSection
	GlobalSection(ProjectConfigurationPlatforms) = postSolution
		{860D450C-C8E1-4D56-BB74-8A102BEBC2E5}.Debug|Any CPU.ActiveCfg = Debug|Any CPU
		{860D450C-C8E1-4D56-BB74-8A102BEBC2E5}.Debug|Any CPU.Build.0 = Debug|Any CPU
		{860D450C-C8E1-4D56-BB74-8A102BEBC2E5}.Release|Any CPU.ActiveCfg = Release|Any CPU
		{860D450C-C8E1-4D56-BB74-8A102BEBC2E5}.Release|Any CPU.Build.0 = Release|Any CPU
	EndGlobalSection
	GlobalSection(SolutionProperties) = preSolution
		HideSolutionNode = FALSE
	EndGlobalSection
	GlobalSection(ExtensibilityGlobals) = postSolution
		SolutionGuid = {DD89EB0C-9DBF-4A06-A601-9ECEDD84774D}
	EndGlobalSection
EndGlobal
